github.com/google/go-cmp v0.4.1 h1:/exdXoGamhu5ONeUJH0deniYLWYvQwW66yvlfiiKTu0=
github.com/google/go-cmp v0.4.1/go.mod h1:v8dTdLbMG2kIc/vJvl+f65V22dbkXbowE6jgT/gNBxE=
github.com/sethvargo/go-envconfig v0.6.0 h1:GxxdoeiNpWgGiVEphNFNObgMYRN/ZvI2dN7rBwadyss=
github.com/sethvargo/go-envconfig v0.6.0/go.mod h1:00S1FAhRUuTNJazWBWcJGvEHOM+NO6DhoRMAOX7FY5o=
golang.org/x/xerrors v0.0.0-20191204190536-9bdfabe68543 h1:E7g+9GITq07hpfrRu66IVDexMakfv52eLZ2CXBWiKr4=
golang.org/x/xerrors v0.0.0-20191204190536-9bdfabe68543/go.mod h1:I/5z698sn9Ka8TeJc9MKroUUfqBBauWjQqLJ2OPfmY0=
